
Microsoft Visual Studio Solution File, Format Version 12.00
# Visual Studio Version 17
VisualStudioVersion = 17.0.31903.59
MinimumVisualStudioVersion = 10.0.40219.1
Project("{2150E333-8FDC-42A3-9474-1A3956D46DE8}") = "src", "src", "{3C309DAF-4F96-4100-99DF-6F57E07F6BEA}"
EndProject
Project("{FAE04EC0-301F-11D3-BF4B-00C04F79EFBC}") = "SimpleAPI", "src\SimpleAPI\SimpleAPI.csproj", "{CCCCF329-C26C-427F-9DEA-CD43FD1AE204}"
EndProject
Project("{2150E333-8FDC-42A3-9474-1A3956D46DE8}") = "test", "test", "{FEF6E338-4D38-48CF-8494-B97ACA888D68}"
EndProject
Project("{FAE04EC0-301F-11D3-BF4B-00C04F79EFBC}") = "SimpleAPI.Test", "test\SimpleAPI.Test\SimpleAPI.Test.csproj", "{D978C949-A12B-4C40-BBF8-4879E4FF4731}"
EndProject
Global
	GlobalSection(SolutionConfigurationPlatforms) = preSolution
		Debug|Any CPU = Debug|Any CPU
		Release|Any CPU = Release|Any CPU
	EndGlobalSection
	GlobalSection(SolutionProperties) = preSolution
		HideSolutionNode = FALSE
	EndGlobalSection
	GlobalSection(ProjectConfigurationPlatforms) = postSolution
		{CCCCF329-C26C-427F-9DEA-CD43FD1AE204}.Debug|Any CPU.ActiveCfg = Debug|Any CPU
		{CCCCF329-C26C-427F-9DEA-CD43FD1AE204}.Debug|Any CPU.Build.0 = Debug|Any CPU
		{CCCCF329-C26C-427F-9DEA-CD43FD1AE204}.Release|Any CPU.ActiveCfg = Release|Any CPU
		{CCCCF329-C26C-427F-9DEA-CD43FD1AE204}.Release|Any CPU.Build.0 = Release|Any CPU
		{D978C949-A12B-4C40-BBF8-4879E4FF4731}.Debug|Any CPU.ActiveCfg = Debug|Any CPU
		{D978C949-A12B-4C40-BBF8-4879E4FF4731}.Debug|Any CPU.Build.0 = Debug|Any CPU
		{D978C949-A12B-4C40-BBF8-4879E4FF4731}.Release|Any CPU.ActiveCfg = Release|Any CPU
		{D978C949-A12B-4C40-BBF8-4879E4FF4731}.Release|Any CPU.Build.0 = Release|Any CPU
	EndGlobalSection
	GlobalSection(NestedProjects) = preSolution
		{CCCCF329-C26C-427F-9DEA-CD43FD1AE204} = {3C309DAF-4F96-4100-99DF-6F57E07F6BEA}
		{D978C949-A12B-4C40-BBF8-4879E4FF4731} = {FEF6E338-4D38-48CF-8494-B97ACA888D68}
	EndGlobalSection
EndGlobal
